
Microsoft Visual Studio Solution File, Format Version 12.00
# Visual Studio Version 16
VisualStudioVersion = 16.0.29418.71
MinimumVisualStudioVersion = 10.0.40219.1
Project("{FAE04EC0-301F-11D3-BF4B-00C04F79EFBC}") = "vKurzuCore", "vKurzuCore\vKurzuCore.csproj", "{EC922E4D-6F39-4C30-9B64-E140641DD6DC}"
EndProject
Global
	GlobalSection(SolutionConfigurationPlatforms) = preSolution
		Debug|Any CPU = Debug|Any CPU
		Release|Any CPU = Release|Any CPU
	EndGlobalSection
	GlobalSection(ProjectConfigurationPlatforms) = postSolution
		{EC922E4D-6F39-4C30-9B64-E140641DD6DC}.Debug|Any CPU.ActiveCfg = Debug|Any CPU
		{EC922E4D-6F39-4C30-9B64-E140641DD6DC}.Debug|Any CPU.Build.0 = Debug|Any CPU
		{EC922E4D-6F39-4C30-9B64-E140641DD6DC}.Release|Any CPU.ActiveCfg = Release|Any CPU
		{EC922E4D-6F39-4C30-9B64-E140641DD6DC}.Release|Any CPU.Build.0 = Release|Any CPU
	EndGlobalSection
	GlobalSection(SolutionProperties) = preSolution
		HideSolutionNode = FALSE
	EndGlobalSection
	GlobalSection(ExtensibilityGlobals) = postSolution
		SolutionGuid = {33CA33B6-B121-48B1-BCD9-301450102438}
	EndGlobalSection
EndGlobal
